Microsoft Visual Studio Solution File, Format Version 12.00
# Visual Studio Version 17
VisualStudioVersion = 17.13.35919.96
MinimumVisualStudioVersion = 10.0.40219.1
Project("{FAE04EC0-301F-11D3-BF4B-00C04F79EFBC}") = "CRM", "CRM.csproj", "{0EBA6899-D60B-4AED-8C21-4E3B43357FD5}"
EndProject
Project("{FAE04EC0-301F-11D3-BF4B-00C04F79EFBC}") = "Backend", "..\Backend\Backend.csproj", "{AD4626A8-4923-4CF1-8480-AE80B2EBE9A5}"
EndProject
Global
	GlobalSection(SolutionConfigurationPlatforms) = preSolution
		Debug|Any CPU = Debug|Any CPU
		Release|Any CPU = Release|Any CPU
	EndGlobalSection
	GlobalSection(ProjectConfigurationPlatforms) = postSolution
		{0EBA6899-D60B-4AED-8C21-4E3B43357FD5}.Debug|Any CPU.ActiveCfg = Debug|Any CPU
		{0EBA6899-D60B-4AED-8C21-4E3B43357FD5}.Debug|Any CPU.Build.0 = Debug|Any CPU
		{0EBA6899-D60B-4AED-8C21-4E3B43357FD5}.Release|Any CPU.ActiveCfg = Release|Any CPU
		{0EBA6899-D60B-4AED-8C21-4E3B43357FD5}.Release|Any CPU.Build.0 = Release|Any CPU
		{AD4626A8-4923-4CF1-8480-AE80B2EBE9A5}.Debug|Any CPU.ActiveCfg = Debug|Any CPU
		{AD4626A8-4923-4CF1-8480-AE80B2EBE9A5}.Debug|Any CPU.Build.0 = Debug|Any CPU
		{AD4626A8-4923-4CF1-8480-AE80B2EBE9A5}.Release|Any CPU.ActiveCfg = Release|Any CPU
		{AD4626A8-4923-4CF1-8480-AE80B2EBE9A5}.Release|Any CPU.Build.0 = Release|Any CPU
	EndGlobalSection
	GlobalSection(SolutionProperties) = preSolution
		HideSolutionNode = FALSE
	EndGlobalSection
	GlobalSection(ExtensibilityGlobals) = postSolution
		SolutionGuid = {2214F938-F807-4EC4-85AE-30E370490AD1}
	EndGlobalSection
EndGlobal
